{
  "version": 4,
  "terraform_version": "1.3.6",
  "serial": 142,
  "lineage": "4036b4c6-0274-fa4a-ed27-c1729bfadd6b",
  "outputs": {
    "installation_status_commands": {
      "value": "# Connect to the VM:\r\nssh azureuser@172.190.54.212\r\n\r\n# Check cloud-init status:\r\ncloud-init status\r\n\r\n# View detailed cloud-init logs:\r\nsudo cat /var/log/cloud-init-output.log\r\n\r\n# View installation status file:\r\ncat /home/azureuser/installation-status\r\n\r\n# View detailed installation logs:\r\ncat /var/log/installation-status.log\r\n\r\n# Check Docker status:\r\nsystemctl status docker\r\n\r\n# Check Jenkins status:\r\nsystemctl status jenkins\r\n\r\n# Get Jenkins initial admin password:\r\ncat /home/azureuser/.jenkins/initialAdminPassword\r\n# or if that doesn't exist:\r\nsudo cat /var/lib/jenkins/secrets/initialAdminPassword\r\n",
      "type": "string"
    },
    "jenkins_url": {
      "value": "http://172.190.54.212:8080",
      "type": "string"
    },
    "public_ip": {
      "value": "172.190.54.212",
      "type": "string"
    },
    "ssh_command": {
      "value": "ssh azureuser@172.190.54.212",
      "type": "string"
    }
  },
  "resources": [
    {
      "mode": "managed",
      "type": "azurerm_linux_virtual_machine",
      "name": "cheap_vm",
      "provider": "provider[\"registry.terraform.io/hashicorp/azurerm\"]",
      "instances": [
        {
          "schema_version": 0,
          "attributes": {
            "additional_capabilities": [],
            "admin_password": null,
            "admin_ssh_key": [
              {
                "public_key": "ssh-rsa AAAAB3NzaC1yc2EAAAADAQABAAACAQDHgXNaEmW+UlV/7W7SYl3yjKlCMa6cgHhkxcWOyfW8OvOg/JeheG2PcmHP0jESMtcNzwKtOKnVsAwDHYqbML60SCqIVbsDtRMp6NEl0qzulABIuaE0fgF5JqgjxK3zeOtAM4kMpToiIJgF0MB+0luKFgC9clMUqUGV/gV2bUGE5KpOy+CgXwxbQKlnblrV4BufRtUPgBbbH8CcCWrge4G7eDPHfjmhosvxISyUnFjZeKT5pMN8MZaJqO6JAoPC6/JEt2xn00FRaDBYJYUuS/MyiWKLBfNklZRWUCYcYiJdlWhGzcaUb0bORyP1mqsgtxUG1Rd5R3rJ7bnB58hKouJHWhkxiQIEcvMAX9FuK/hr7q3s0YFE7JYc7GP6d9Ih2KEMkUMxpnFoFT4PDBjjQRo9TLk24Hj1QajhtjOzPH5zdX+rVQuLUXVtZbz+BvXB9swAOBYCkKalD+rnKdYbm3L9LdMa4/lcGEPblud7gpsvHEbQpTqFr95jlMx0+u/CXokkvAv86P7IbVRdy6XeW8k+cNgGLc+KWWWtpWQUWJubrgD3SiJr3kVLJ6gf3qnY2aAh5hdIv9L/GUf6EBOSUv0DHc5ra5b81lSIbx0yuoNWuaosjCkDO5Gf4NZjkVvSUxR3wQjaj3rKW4zM2cMQya+5kC3+SLX3x4qersTHJOd9lw== prudra@XWPF4X5SBY\n",
                "username": "azureuser"
              }
            ],
            "admin_username": "azureuser",
            "allow_extension_operations": true,
            "availability_set_id": "",
            "boot_diagnostics": [],
            "bypass_platform_safety_checks_on_user_schedule_enabled": false,
            "capacity_reservation_group_id": "",
            "computer_name": "cheap-linux-vm",
            "custom_data": "I2Nsb3VkLWNvbmZpZwpwYWNrYWdlX3VwZGF0ZTogdHJ1ZQpwYWNrYWdlX3VwZ3JhZGU6IHRydWUKcnVuY21kOgogIC0gY3VybCAtZnNTTCBodHRwczovL2dldC5kb2NrZXIuY29tIC1vIGdldC1kb2NrZXIuc2gKICAtIHNoIGdldC1kb2NrZXIuc2gKICAtIHVzZXJtb2QgLWFHIGRvY2tlciBhenVyZXVzZXIKICAtIHN5c3RlbWN0bCBlbmFibGUgZG9ja2VyCiAgLSBzeXN0ZW1jdGwgc3RhcnQgZG9ja2VyCgojIyMjIyMjIyMjIyMjIyMjIyMjIyMjIyMjIyMjIyMjIyMjIyMjIyMjIyMjIyMjIyMjIyMjIyMjIyMjIyMjIyMjIyMjIyMKCiMgI2Nsb3VkLWNvbmZpZwojIHBhY2thZ2VfdXBkYXRlOiB0cnVlCiMgcGFja2FnZV91cGdyYWRlOiB0cnVlCiMgcGFja2FnZXM6CiMgICAtIG9wZW5qZGstMTEtamRrICAjIEplbmtpbnMgbmVlZHMgSmF2YQoKIyBydW5jbWQ6CiAgIyAjIEluc3RhbGwgRG9ja2VyCiAgIyAtIGN1cmwgLWZzU0wgaHR0cHM6Ly9nZXQuZG9ja2VyLmNvbSAtbyBnZXQtZG9ja2VyLnNoCiAgIyAtIHNoIGdldC1kb2NrZXIuc2gKICAjIC0gdXNlcm1vZCAtYUcgZG9ja2VyIGF6dXJldXNlcgogICMgLSBzeXN0ZW1jdGwgZW5hYmxlIGRvY2tlcgogICMgLSBzeXN0ZW1jdGwgc3RhcnQgZG9ja2VyCgogICMgIyBJbnN0YWxsIEplbmtpbnMKICAjIC0gc3VkbyBhcHQgaW5zdGFsbCAteSBvcGVuamRrLTExLWpkawogICMgLSB3Z2V0IC1xIC1PIC0gaHR0cHM6Ly9wa2cuamVua2lucy5pby9kZWJpYW4tc3RhYmxlL2plbmtpbnMuaW8ua2V5IHwgc3VkbyBhcHQta2V5IGFkZCAtCiAgIyAtIHN1ZG8gc2ggLWMgJ2VjaG8gZGViIGh0dHBzOi8vcGtnLmplbmtpbnMuaW8vZGViaWFuLXN0YWJsZSBiaW5hcnkvID4gL2V0Yy9hcHQvc291cmNlcy5saXN0LmQvamVua2lucy5saXN0JwogICMgLSBhcHQtZ2V0IHVwZGF0ZQogICMgLSBzdWRvIGFwdC1nZXQgaW5zdGFsbCAteSBqZW5raW5zCiAgIyAtIHN5c3RlbWN0bCBlbmFibGUgamVua2lucwogICMgLSBzeXN0ZW1jdGwgc3RhcnQgamVua2lucwo=",
            "dedicated_host_group_id": "",
            "dedicated_host_id": "",
            "disable_password_authentication": true,
            "disk_controller_type": "",
            "edge_zone": "",
            "encryption_at_host_enabled": false,
            "eviction_policy": "",
            "extensions_time_budget": "PT1H30M",
            "gallery_application": [],
            "id": "/subscriptions/375e3e31-22f5-413c-85ee-c3f44db2f249/resourceGroups/cheap-linux-docker-rsg/providers/Microsoft.Compute/virtualMachines/cheap-linux-vm",
            "identity": [],
            "license_type": "",
            "location": "eastus",
            "max_bid_price": -1,
            "name": "cheap-linux-vm",
            "network_interface_ids": [
              "/subscriptions/375e3e31-22f5-413c-85ee-c3f44db2f249/resourceGroups/cheap-linux-docker-rsg/providers/Microsoft.Network/networkInterfaces/cheap-nic"
            ],
            "os_disk": [
              {
                "caching": "ReadWrite",
                "diff_disk_settings": [],
                "disk_encryption_set_id": "",
                "disk_size_gb": 30,
                "id": "/subscriptions/375e3e31-22f5-413c-85ee-c3f44db2f249/resourceGroups/cheap-linux-docker-rsg/providers/Microsoft.Compute/disks/cheap-os-disk",
                "name": "cheap-os-disk",
                "secure_vm_disk_encryption_set_id": "",
                "security_encryption_type": "",
                "storage_account_type": "Standard_LRS",
                "write_accelerator_enabled": false
              }
            ],
            "os_image_notification": [],
            "patch_assessment_mode": "ImageDefault",
            "patch_mode": "ImageDefault",
            "plan": [],
            "platform_fault_domain": -1,
            "priority": "Regular",
            "private_ip_address": "10.0.1.4",
            "private_ip_addresses": [
              "10.0.1.4"
            ],
            "provision_vm_agent": true,
            "proximity_placement_group_id": "",
            "public_ip_address": "172.190.54.212",
            "public_ip_addresses": [
              "172.190.54.212"
            ],
            "reboot_setting": "",
            "resource_group_name": "cheap-linux-docker-rsg",
            "secret": [],
            "secure_boot_enabled": false,
            "size": "Standard_B1s",
            "source_image_id": "",
            "source_image_reference": [
              {
                "offer": "0001-com-ubuntu-server-focal",
                "publisher": "Canonical",
                "sku": "20_04-lts",
                "version": "latest"
              }
            ],
            "tags": null,
            "termination_notification": null,
            "timeouts": null,
            "user_data": "",
            "virtual_machine_id": "1181f2d8-317a-4830-97ab-ccc088dcb02e",
            "virtual_machine_scale_set_id": "",
            "vm_agent_platform_updates_enabled": false,
            "vtpm_enabled": false,
            "zone": ""
          },
          "sensitive_attributes": [],
          "private": "eyJlMmJmYjczMC1lY2FhLTExZTYtOGY4OC0zNDM2M2JjN2M0YzAiOnsiY3JlYXRlIjoyNzAwMDAwMDAwMDAwLCJkZWxldGUiOjI3MDAwMDAwMDAwMDAsInJlYWQiOjMwMDAwMDAwMDAwMCwidXBkYXRlIjoyNzAwMDAwMDAwMDAwfX0=",
          "dependencies": [
            "azurerm_network_interface.nic",
            "azurerm_public_ip.public_ip",
            "azurerm_resource_group.rg-kkt-9955-vm",
            "azurerm_subnet.subnet",
            "azurerm_virtual_network.vnet"
          ]
        }
      ]
    },
    {
      "mode": "managed",
      "type": "azurerm_network_interface",
      "name": "nic",
      "provider": "provider[\"registry.terraform.io/hashicorp/azurerm\"]",
      "instances": [
        {
          "schema_version": 0,
          "attributes": {
            "accelerated_networking_enabled": false,
            "applied_dns_servers": [],
            "auxiliary_mode": "",
            "auxiliary_sku": "",
            "dns_servers": null,
            "edge_zone": "",
            "id": "/subscriptions/375e3e31-22f5-413c-85ee-c3f44db2f249/resourceGroups/cheap-linux-docker-rsg/providers/Microsoft.Network/networkInterfaces/cheap-nic",
            "internal_dns_name_label": "",
            "internal_domain_name_suffix": "2rnjcxrjzsnelgbp0ov5wvkhug.bx.internal.cloudapp.net",
            "ip_configuration": [
              {
                "gateway_load_balancer_frontend_ip_configuration_id": "",
                "name": "cheap-ipconfig",
                "primary": true,
                "private_ip_address": "10.0.1.4",
                "private_ip_address_allocation": "Dynamic",
                "private_ip_address_version": "IPv4",
                "public_ip_address_id": "/subscriptions/375e3e31-22f5-413c-85ee-c3f44db2f249/resourceGroups/cheap-linux-docker-rsg/providers/Microsoft.Network/publicIPAddresses/cheap-public-ip",
                "subnet_id": "/subscriptions/375e3e31-22f5-413c-85ee-c3f44db2f249/resourceGroups/cheap-linux-docker-rsg/providers/Microsoft.Network/virtualNetworks/cheap-vnet/subnets/cheap-subnet"
              }
            ],
            "ip_forwarding_enabled": false,
            "location": "eastus",
            "mac_address": "",
            "name": "cheap-nic",
            "private_ip_address": "10.0.1.4",
            "private_ip_addresses": [
              "10.0.1.4"
            ],
            "resource_group_name": "cheap-linux-docker-rsg",
            "tags": null,
            "timeouts": null,
            "virtual_machine_id": ""
          },
          "sensitive_attributes": [],
          "private": "eyJlMmJmYjczMC1lY2FhLTExZTYtOGY4OC0zNDM2M2JjN2M0YzAiOnsiY3JlYXRlIjoxODAwMDAwMDAwMDAwLCJkZWxldGUiOjE4MDAwMDAwMDAwMDAsInJlYWQiOjMwMDAwMDAwMDAwMCwidXBkYXRlIjoxODAwMDAwMDAwMDAwfX0=",
          "dependencies": [
            "azurerm_public_ip.public_ip",
            "azurerm_resource_group.rg-kkt-9955-vm",
            "azurerm_subnet.subnet",
            "azurerm_virtual_network.vnet"
          ]
        }
      ]
    },
    {
      "mode": "managed",
      "type": "azurerm_network_interface_security_group_association",
      "name": "nsg_assoc",
      "provider": "provider[\"registry.terraform.io/hashicorp/azurerm\"]",
      "instances": [
        {
          "schema_version": 0,
          "attributes": {
            "id": "/subscriptions/375e3e31-22f5-413c-85ee-c3f44db2f249/resourceGroups/cheap-linux-docker-rsg/providers/Microsoft.Network/networkInterfaces/cheap-nic|/subscriptions/375e3e31-22f5-413c-85ee-c3f44db2f249/resourceGroups/cheap-linux-docker-rsg/providers/Microsoft.Network/networkSecurityGroups/cheap-nsg",
            "network_interface_id": "/subscriptions/375e3e31-22f5-413c-85ee-c3f44db2f249/resourceGroups/cheap-linux-docker-rsg/providers/Microsoft.Network/networkInterfaces/cheap-nic",
            "network_security_group_id": "/subscriptions/375e3e31-22f5-413c-85ee-c3f44db2f249/resourceGroups/cheap-linux-docker-rsg/providers/Microsoft.Network/networkSecurityGroups/cheap-nsg",
            "timeouts": null
          },
          "sensitive_attributes": [],
          "private": "eyJlMmJmYjczMC1lY2FhLTExZTYtOGY4OC0zNDM2M2JjN2M0YzAiOnsiY3JlYXRlIjoxODAwMDAwMDAwMDAwLCJkZWxldGUiOjE4MDAwMDAwMDAwMDAsInJlYWQiOjMwMDAwMDAwMDAwMH19",
          "dependencies": [
            "azurerm_network_interface.nic",
            "azurerm_network_security_group.nsg",
            "azurerm_public_ip.public_ip",
            "azurerm_resource_group.rg-kkt-9955-vm",
            "azurerm_subnet.subnet",
            "azurerm_virtual_network.vnet"
          ]
        }
      ]
    },
    {
      "mode": "managed",
      "type": "azurerm_network_security_group",
      "name": "nsg",
      "provider": "provider[\"registry.terraform.io/hashicorp/azurerm\"]",
      "instances": [
        {
          "schema_version": 0,
          "attributes": {
            "id": "/subscriptions/375e3e31-22f5-413c-85ee-c3f44db2f249/resourceGroups/cheap-linux-docker-rsg/providers/Microsoft.Network/networkSecurityGroups/cheap-nsg",
            "location": "eastus",
            "name": "cheap-nsg",
            "resource_group_name": "cheap-linux-docker-rsg",
            "security_rule": [
              {
                "access": "Allow",
                "description": "",
                "destination_address_prefix": "*",
                "destination_address_prefixes": [],
                "destination_application_security_group_ids": [],
                "destination_port_range": "22",
                "destination_port_ranges": [],
                "direction": "Inbound",
                "name": "SSH",
                "priority": 1001,
                "protocol": "Tcp",
                "source_address_prefix": "*",
                "source_address_prefixes": [],
                "source_application_security_group_ids": [],
                "source_port_range": "*",
                "source_port_ranges": []
              },
              {
                "access": "Allow",
                "description": "",
                "destination_address_prefix": "*",
                "destination_address_prefixes": [],
                "destination_application_security_group_ids": [],
                "destination_port_range": "80",
                "destination_port_ranges": [],
                "direction": "Inbound",
                "name": "HTTP",
                "priority": 1002,
                "protocol": "Tcp",
                "source_address_prefix": "*",
                "source_address_prefixes": [],
                "source_application_security_group_ids": [],
                "source_port_range": "*",
                "source_port_ranges": []
              },
              {
                "access": "Allow",
                "description": "",
                "destination_address_prefix": "*",
                "destination_address_prefixes": [],
                "destination_application_security_group_ids": [],
                "destination_port_range": "8080",
                "destination_port_ranges": [],
                "direction": "Inbound",
                "name": "Jenkins",
                "priority": 1003,
                "protocol": "Tcp",
                "source_address_prefix": "*",
                "source_address_prefixes": [],
                "source_application_security_group_ids": [],
                "source_port_range": "*",
                "source_port_ranges": []
              }
            ],
            "tags": null,
            "timeouts": null
          },
          "sensitive_attributes": [],
          "private": "eyJlMmJmYjczMC1lY2FhLTExZTYtOGY4OC0zNDM2M2JjN2M0YzAiOnsiY3JlYXRlIjoxODAwMDAwMDAwMDAwLCJkZWxldGUiOjE4MDAwMDAwMDAwMDAsInJlYWQiOjMwMDAwMDAwMDAwMCwidXBkYXRlIjoxODAwMDAwMDAwMDAwfX0=",
          "dependencies": [
            "azurerm_resource_group.rg-kkt-9955-vm"
          ]
        }
      ]
    },
    {
      "mode": "managed",
      "type": "azurerm_public_ip",
      "name": "public_ip",
      "provider": "provider[\"registry.terraform.io/hashicorp/azurerm\"]",
      "instances": [
        {
          "schema_version": 0,
          "attributes": {
            "allocation_method": "Static",
            "ddos_protection_mode": "VirtualNetworkInherited",
            "ddos_protection_plan_id": null,
            "domain_name_label": null,
            "domain_name_label_scope": null,
            "edge_zone": "",
            "fqdn": null,
            "id": "/subscriptions/375e3e31-22f5-413c-85ee-c3f44db2f249/resourceGroups/cheap-linux-docker-rsg/providers/Microsoft.Network/publicIPAddresses/cheap-public-ip",
            "idle_timeout_in_minutes": 4,
            "ip_address": "172.190.54.212",
            "ip_tags": null,
            "ip_version": "IPv4",
            "location": "eastus",
            "name": "cheap-public-ip",
            "public_ip_prefix_id": null,
            "resource_group_name": "cheap-linux-docker-rsg",
            "reverse_fqdn": null,
            "sku": "Standard",
            "sku_tier": "Regional",
            "tags": null,
            "timeouts": null,
            "zones": null
          },
          "sensitive_attributes": [],
          "private": "eyJlMmJmYjczMC1lY2FhLTExZTYtOGY4OC0zNDM2M2JjN2M0YzAiOnsiY3JlYXRlIjoxODAwMDAwMDAwMDAwLCJkZWxldGUiOjE4MDAwMDAwMDAwMDAsInJlYWQiOjMwMDAwMDAwMDAwMCwidXBkYXRlIjoxODAwMDAwMDAwMDAwfX0=",
          "dependencies": [
            "azurerm_resource_group.rg-kkt-9955-vm"
          ]
        }
      ]
    },
    {
      "mode": "managed",
      "type": "azurerm_resource_group",
      "name": "rg-kkt-9955-vm",
      "provider": "provider[\"registry.terraform.io/hashicorp/azurerm\"]",
      "instances": [
        {
          "schema_version": 0,
          "attributes": {
            "id": "/subscriptions/375e3e31-22f5-413c-85ee-c3f44db2f249/resourceGroups/cheap-linux-docker-rsg",
            "location": "eastus",
            "managed_by": "",
            "name": "cheap-linux-docker-rsg",
            "tags": null,
            "timeouts": null
          },
          "sensitive_attributes": [],
          "private": "eyJlMmJmYjczMC1lY2FhLTExZTYtOGY4OC0zNDM2M2JjN2M0YzAiOnsiY3JlYXRlIjo1NDAwMDAwMDAwMDAwLCJkZWxldGUiOjU0MDAwMDAwMDAwMDAsInJlYWQiOjMwMDAwMDAwMDAwMCwidXBkYXRlIjo1NDAwMDAwMDAwMDAwfX0="
        }
      ]
    },
    {
      "mode": "managed",
      "type": "azurerm_subnet",
      "name": "subnet",
      "provider": "provider[\"registry.terraform.io/hashicorp/azurerm\"]",
      "instances": [
        {
          "schema_version": 0,
          "attributes": {
            "address_prefixes": [
              "10.0.1.0/24"
            ],
            "default_outbound_access_enabled": true,
            "delegation": [],
            "id": "/subscriptions/375e3e31-22f5-413c-85ee-c3f44db2f249/resourceGroups/cheap-linux-docker-rsg/providers/Microsoft.Network/virtualNetworks/cheap-vnet/subnets/cheap-subnet",
            "name": "cheap-subnet",
            "private_endpoint_network_policies": "Disabled",
            "private_link_service_network_policies_enabled": true,
            "resource_group_name": "cheap-linux-docker-rsg",
            "service_endpoint_policy_ids": null,
            "service_endpoints": null,
            "timeouts": null,
            "virtual_network_name": "cheap-vnet"
          },
          "sensitive_attributes": [],
          "private": "eyJlMmJmYjczMC1lY2FhLTExZTYtOGY4OC0zNDM2M2JjN2M0YzAiOnsiY3JlYXRlIjoxODAwMDAwMDAwMDAwLCJkZWxldGUiOjE4MDAwMDAwMDAwMDAsInJlYWQiOjMwMDAwMDAwMDAwMCwidXBkYXRlIjoxODAwMDAwMDAwMDAwfX0=",
          "dependencies": [
            "azurerm_resource_group.rg-kkt-9955-vm",
            "azurerm_virtual_network.vnet"
          ]
        }
      ]
    },
    {
      "mode": "managed",
      "type": "azurerm_virtual_network",
      "name": "vnet",
      "provider": "provider[\"registry.terraform.io/hashicorp/azurerm\"]",
      "instances": [
        {
          "schema_version": 0,
          "attributes": {
            "address_space": [
              "10.0.0.0/16"
            ],
            "bgp_community": "",
            "ddos_protection_plan": [],
            "dns_servers": [],
            "edge_zone": "",
            "encryption": [],
            "flow_timeout_in_minutes": 0,
            "guid": "5e915ae4-cc29-459a-982f-d3abfb5547a6",
            "id": "/subscriptions/375e3e31-22f5-413c-85ee-c3f44db2f249/resourceGroups/cheap-linux-docker-rsg/providers/Microsoft.Network/virtualNetworks/cheap-vnet",
            "location": "eastus",
            "name": "cheap-vnet",
            "private_endpoint_vnet_policies": "Disabled",
            "resource_group_name": "cheap-linux-docker-rsg",
            "subnet": [],
            "tags": null,
            "timeouts": null
          },
          "sensitive_attributes": [],
          "private": "eyJlMmJmYjczMC1lY2FhLTExZTYtOGY4OC0zNDM2M2JjN2M0YzAiOnsiY3JlYXRlIjoxODAwMDAwMDAwMDAwLCJkZWxldGUiOjE4MDAwMDAwMDAwMDAsInJlYWQiOjMwMDAwMDAwMDAwMCwidXBkYXRlIjoxODAwMDAwMDAwMDAwfX0=",
          "dependencies": [
            "azurerm_resource_group.rg-kkt-9955-vm"
          ]
        }
      ]
    }
  ],
  "check_results": null
}
